
Microsoft Visual Studio Solution File, Format Version 12.00
# Visual Studio Version 18
VisualStudioVersion = 18.6.11709.129
MinimumVisualStudioVersion = 10.0.40219.1
Project("{FAE04EC0-301F-11D3-BF4B-00C04F79EFBC}") = "CoinPusherEngine", "CoinPusherEngine.csproj", "{66F54C90-0C56-1547-ACD0-4C30B528E67A}"
EndProject
Project("{FAE04EC0-301F-11D3-BF4B-00C04F79EFBC}") = "CoinPusherEngine.Tests", "CoinPusherEngine.Tests\CoinPusherEngine.Tests.csproj", "{D4B9D63A-0C54-44B8-B424-686DA6936F1D}"
EndProject
Project("{FAE04EC0-301F-11D3-BF4B-00C04F79EFBC}") = "CoinPusherEngine.TicketChecker", "CoinPusherEngine.TicketChecker\CoinPusherEngine.TicketChecker.csproj", "{0597114E-D380-4AF2-830B-A308F6DECCEC}"
EndProject
Project("{FAE04EC0-301F-11D3-BF4B-00C04F79EFBC}") = "CoinPusherEngine.VolumeAudit", "CoinPusherEngine.VolumeAudit\CoinPusherEngine.VolumeAudit.csproj", "{E3F845C7-D7FE-4148-BFD3-15B9100B935A}"
EndProject
Global
	GlobalSection(SolutionConfigurationPlatforms) = preSolution
		Debug|Any CPU = Debug|Any CPU
		Debug|x64 = Debug|x64
		Debug|x86 = Debug|x86
		Release|Any CPU = Release|Any CPU
		Release|x64 = Release|x64
		Release|x86 = Release|x86
	EndGlobalSection
	GlobalSection(ProjectConfigurationPlatforms) = postSolution
		{66F54C90-0C56-1547-ACD0-4C30B528E67A}.Debug|Any CPU.ActiveCfg = Debug|Any CPU
		{66F54C90-0C56-1547-ACD0-4C30B528E67A}.Debug|Any CPU.Build.0 = Debug|Any CPU
		{66F54C90-0C56-1547-ACD0-4C30B528E67A}.Debug|x64.ActiveCfg = Debug|Any CPU
		{66F54C90-0C56-1547-ACD0-4C30B528E67A}.Debug|x64.Build.0 = Debug|Any CPU
		{66F54C90-0C56-1547-ACD0-4C30B528E67A}.Debug|x86.ActiveCfg = Debug|Any CPU
		{66F54C90-0C56-1547-ACD0-4C30B528E67A}.Debug|x86.Build.0 = Debug|Any CPU
		{66F54C90-0C56-1547-ACD0-4C30B528E67A}.Release|Any CPU.ActiveCfg = Release|Any CPU
		{66F54C90-0C56-1547-ACD0-4C30B528E67A}.Release|Any CPU.Build.0 = Release|Any CPU
		{66F54C90-0C56-1547-ACD0-4C30B528E67A}.Release|x64.ActiveCfg = Release|Any CPU
		{66F54C90-0C56-1547-ACD0-4C30B528E67A}.Release|x64.Build.0 = Release|Any CPU
		{66F54C90-0C56-1547-ACD0-4C30B528E67A}.Release|x86.ActiveCfg = Release|Any CPU
		{66F54C90-0C56-1547-ACD0-4C30B528E67A}.Release|x86.Build.0 = Release|Any CPU
		{D4B9D63A-0C54-44B8-B424-686DA6936F1D}.Debug|Any CPU.ActiveCfg = Debug|Any CPU
		{D4B9D63A-0C54-44B8-B424-686DA6936F1D}.Debug|Any CPU.Build.0 = Debug|Any CPU
		{D4B9D63A-0C54-44B8-B424-686DA6936F1D}.Debug|x64.ActiveCfg = Debug|Any CPU
		{D4B9D63A-0C54-44B8-B424-686DA6936F1D}.Debug|x64.Build.0 = Debug|Any CPU
		{D4B9D63A-0C54-44B8-B424-686DA6936F1D}.Debug|x86.ActiveCfg = Debug|Any CPU
		{D4B9D63A-0C54-44B8-B424-686DA6936F1D}.Debug|x86.Build.0 = Debug|Any CPU
		{D4B9D63A-0C54-44B8-B424-686DA6936F1D}.Release|Any CPU.ActiveCfg = Release|Any CPU
		{D4B9D63A-0C54-44B8-B424-686DA6936F1D}.Release|Any CPU.Build.0 = Release|Any CPU
		{D4B9D63A-0C54-44B8-B424-686DA6936F1D}.Release|x64.ActiveCfg = Release|Any CPU
		{D4B9D63A-0C54-44B8-B424-686DA6936F1D}.Release|x64.Build.0 = Release|Any CPU
		{D4B9D63A-0C54-44B8-B424-686DA6936F1D}.Release|x86.ActiveCfg = Release|Any CPU
		{D4B9D63A-0C54-44B8-B424-686DA6936F1D}.Release|x86.Build.0 = Release|Any CPU
		{0597114E-D380-4AF2-830B-A308F6DECCEC}.Debug|Any CPU.ActiveCfg = Debug|Any CPU
		{0597114E-D380-4AF2-830B-A308F6DECCEC}.Debug|Any CPU.Build.0 = Debug|Any CPU
		{0597114E-D380-4AF2-830B-A308F6DECCEC}.Debug|x64.ActiveCfg = Debug|Any CPU
		{0597114E-D380-4AF2-830B-A308F6DECCEC}.Debug|x64.Build.0 = Debug|Any CPU
		{0597114E-D380-4AF2-830B-A308F6DECCEC}.Debug|x86.ActiveCfg = Debug|Any CPU
		{0597114E-D380-4AF2-830B-A308F6DECCEC}.Debug|x86.Build.0 = Debug|Any CPU
		{0597114E-D380-4AF2-830B-A308F6DECCEC}.Release|Any CPU.ActiveCfg = Release|Any CPU
		{0597114E-D380-4AF2-830B-A308F6DECCEC}.Release|Any CPU.Build.0 = Release|Any CPU
		{0597114E-D380-4AF2-830B-A308F6DECCEC}.Release|x64.ActiveCfg = Release|Any CPU
		{0597114E-D380-4AF2-830B-A308F6DECCEC}.Release|x64.Build.0 = Release|Any CPU
		{0597114E-D380-4AF2-830B-A308F6DECCEC}.Release|x86.ActiveCfg = Release|Any CPU
		{0597114E-D380-4AF2-830B-A308F6DECCEC}.Release|x86.Build.0 = Release|Any CPU
		{E3F845C7-D7FE-4148-BFD3-15B9100B935A}.Debug|Any CPU.ActiveCfg = Debug|Any CPU
		{E3F845C7-D7FE-4148-BFD3-15B9100B935A}.Debug|Any CPU.Build.0 = Debug|Any CPU
		{E3F845C7-D7FE-4148-BFD3-15B9100B935A}.Debug|x64.ActiveCfg = Debug|Any CPU
		{E3F845C7-D7FE-4148-BFD3-15B9100B935A}.Debug|x64.Build.0 = Debug|Any CPU
		{E3F845C7-D7FE-4148-BFD3-15B9100B935A}.Debug|x86.ActiveCfg = Debug|Any CPU
		{E3F845C7-D7FE-4148-BFD3-15B9100B935A}.Debug|x86.Build.0 = Debug|Any CPU
		{E3F845C7-D7FE-4148-BFD3-15B9100B935A}.Release|Any CPU.ActiveCfg = Release|Any CPU
		{E3F845C7-D7FE-4148-BFD3-15B9100B935A}.Release|Any CPU.Build.0 = Release|Any CPU
		{E3F845C7-D7FE-4148-BFD3-15B9100B935A}.Release|x64.ActiveCfg = Release|Any CPU
		{E3F845C7-D7FE-4148-BFD3-15B9100B935A}.Release|x64.Build.0 = Release|Any CPU
		{E3F845C7-D7FE-4148-BFD3-15B9100B935A}.Release|x86.ActiveCfg = Release|Any CPU
		{E3F845C7-D7FE-4148-BFD3-15B9100B935A}.Release|x86.Build.0 = Release|Any CPU
	EndGlobalSection
	GlobalSection(SolutionProperties) = preSolution
		HideSolutionNode = FALSE
	EndGlobalSection
	GlobalSection(ExtensibilityGlobals) = postSolution
		SolutionGuid = {539FBEC9-1083-4DD8-A14E-A0C467691982}
	EndGlobalSection
EndGlobal
